
Microsoft Visual Studio Solution File, Format Version 12.00
# Visual Studio Version 17
VisualStudioVersion = 17.8.34322.80
MinimumVisualStudioVersion = 10.0.40219.1
Project("{FAE04EC0-301F-11D3-BF4B-00C04F79EFBC}") = "AgentExample", "AgentExample\AgentExample.csproj", "{6BF17E6A-ADC5-48F2-A2D4-6A2191A11344}"
EndProject
Project("{9A19103F-16F7-4668-BE54-9A1E7A4F7556}") = "ChatComponents", "ChatComponents\ChatComponents.csproj", "{A9F04AB5-01D2-4A32-B3F9-C9D3FD2349F9}"
EndProject
Global
	GlobalSection(SolutionConfigurationPlatforms) = preSolution
		Debug|Any CPU = Debug|Any CPU
		Release|Any CPU = Release|Any CPU
	EndGlobalSection
	GlobalSection(ProjectConfigurationPlatforms) = postSolution
		{6BF17E6A-ADC5-48F2-A2D4-6A2191A11344}.Debug|Any CPU.ActiveCfg = Debug|Any CPU
		{6BF17E6A-ADC5-48F2-A2D4-6A2191A11344}.Debug|Any CPU.Build.0 = Debug|Any CPU
		{6BF17E6A-ADC5-48F2-A2D4-6A2191A11344}.Release|Any CPU.ActiveCfg = Release|Any CPU
		{6BF17E6A-ADC5-48F2-A2D4-6A2191A11344}.Release|Any CPU.Build.0 = Release|Any CPU
		{A9F04AB5-01D2-4A32-B3F9-C9D3FD2349F9}.Debug|Any CPU.ActiveCfg = Debug|Any CPU
		{A9F04AB5-01D2-4A32-B3F9-C9D3FD2349F9}.Debug|Any CPU.Build.0 = Debug|Any CPU
		{A9F04AB5-01D2-4A32-B3F9-C9D3FD2349F9}.Release|Any CPU.ActiveCfg = Release|Any CPU
		{A9F04AB5-01D2-4A32-B3F9-C9D3FD2349F9}.Release|Any CPU.Build.0 = Release|Any CPU
	EndGlobalSection
	GlobalSection(SolutionProperties) = preSolution
		HideSolutionNode = FALSE
	EndGlobalSection
	GlobalSection(ExtensibilityGlobals) = postSolution
		SolutionGuid = {3B18A77F-1B00-4890-9132-408A24F9AB9F}
	EndGlobalSection
EndGlobal
